<?xml version="1.0" encoding="UTF-8"?>
<Scheme
   version = "1.3">
   <BuildAction>
      <BuildActionEntries>
         <BuildActionEntry
            buildForRunning = "YES">
            <BuildableReference
               BuildableIdentifier = "primary"
               BlueprintIdentifier = "58B8329C8B18C96EF3660FC4"
               BuildableName = "AudioConverter.app"
               BlueprintName = "AudioConverter"
               ReferencedContainer = "container:AudioConverter.xcodeproj">
            </BuildableReference>
         </BuildActionEntry>
      </BuildActionEntries>
   </BuildAction>
   <LaunchAction
      useCustomWorkingDirectory = "NO"
      buildConfiguration = "Debug">
      <BuildableProductRunnable>
         <BuildableReference
            BuildableIdentifier = "primary"
            BlueprintIdentifier = "58B8329C8B18C96EF3660FC4"
            BuildableName = "AudioConverter.app"
            BlueprintName = "AudioConverter"
            ReferencedContainer = "container:AudioConverter.xcodeproj">
         </BuildableReference>
      </BuildableProductRunnable>
   </LaunchAction>
</Scheme>
